
Microsoft Visual Studio Solution File, Format Version 12.00
# Visual Studio 15
VisualStudioVersion = 15.0.27130.2027
MinimumVisualStudioVersion = 10.0.40219.1
Project("{FAE04EC0-301F-11D3-BF4B-00C04F79EFBC}") = "cs-dxfAuto", "cs-dxfAuto\cs-dxfAuto.csproj", "{9D650DEF-7D15-4E48-9201-A62BA04CB143}"
EndProject
Global
	GlobalSection(SolutionConfigurationPlatforms) = preSolution
		Debug|Any CPU = Debug|Any CPU
		Release|Any CPU = Release|Any CPU
		测试|Any CPU = 测试|Any CPU
	EndGlobalSection
	GlobalSection(ProjectConfigurationPlatforms) = postSolution
		{9D650DEF-7D15-4E48-9201-A62BA04CB143}.Debug|Any CPU.ActiveCfg = Debug|Any CPU
		{9D650DEF-7D15-4E48-9201-A62BA04CB143}.Debug|Any CPU.Build.0 = Debug|Any CPU
		{9D650DEF-7D15-4E48-9201-A62BA04CB143}.Release|Any CPU.ActiveCfg = Release|Any CPU
		{9D650DEF-7D15-4E48-9201-A62BA04CB143}.Release|Any CPU.Build.0 = Release|Any CPU
		{9D650DEF-7D15-4E48-9201-A62BA04CB143}.测试|Any CPU.ActiveCfg = 测试|Any CPU
		{9D650DEF-7D15-4E48-9201-A62BA04CB143}.测试|Any CPU.Build.0 = 测试|Any CPU
	EndGlobalSection
	GlobalSection(SolutionProperties) = preSolution
		HideSolutionNode = FALSE
	EndGlobalSection
	GlobalSection(ExtensibilityGlobals) = postSolution
		SolutionGuid = {FBD8E6AD-724A-470F-A003-94A8B5AC9C35}
	EndGlobalSection
EndGlobal
